<?xml version="1.0" encoding="utf-8"?>
<Project ToolsVersion="16.0" xmlns="http://schemas.microsoft.com/developer/msbuild/2003">
  <ItemGroup>
    <CudaCompile Include="..\gpgpu_assignment1\code\wave.cu">
      <Filter>Source Files</Filter>
    </CudaCompile>
  </ItemGroup>
  <ItemGroup>
    <CustomBuild Include="C:\Users\DaleT\Downloads\gpgpu_assignment1\code\CMakeLists.txt" />
  </ItemGroup>
  <ItemGroup>
    <Filter Include="Source Files">
      <UniqueIdentifier>{D7FFB20B-5543-3982-9608-A400A03C86DE}</UniqueIdentifier>
    </Filter>
  </ItemGroup>
</Project>
